
Microsoft Visual Studio Solution File, Format Version 12.00
# Visual Studio Version 17
VisualStudioVersion = 17.11.35431.28
MinimumVisualStudioVersion = 10.0.40219.1
Project("{FAE04EC0-301F-11D3-BF4B-00C04F79EFBC}") = "Session02 Demo", "Session02 Demo\Session02 Demo.csproj", "{C3D92AC4-4891-41E2-84AC-9A913DFB9A22}"
EndProject
Project("{FAE04EC0-301F-11D3-BF4B-00C04F79EFBC}") = "Session02 Assignment", "Session02 Assignment\Session02 Assignment.csproj", "{E0618496-4856-47D8-8F7E-9DB352C812B8}"
EndProject
Global
	GlobalSection(SolutionConfigurationPlatforms) = preSolution
		Debug|Any CPU = Debug|Any CPU
		Release|Any CPU = Release|Any CPU
	EndGlobalSection
	GlobalSection(ProjectConfigurationPlatforms) = postSolution
		{C3D92AC4-4891-41E2-84AC-9A913DFB9A22}.Debug|Any CPU.ActiveCfg = Debug|Any CPU
		{C3D92AC4-4891-41E2-84AC-9A913DFB9A22}.Debug|Any CPU.Build.0 = Debug|Any CPU
		{C3D92AC4-4891-41E2-84AC-9A913DFB9A22}.Release|Any CPU.ActiveCfg = Release|Any CPU
		{C3D92AC4-4891-41E2-84AC-9A913DFB9A22}.Release|Any CPU.Build.0 = Release|Any CPU
		{E0618496-4856-47D8-8F7E-9DB352C812B8}.Debug|Any CPU.ActiveCfg = Debug|Any CPU
		{E0618496-4856-47D8-8F7E-9DB352C812B8}.Debug|Any CPU.Build.0 = Debug|Any CPU
		{E0618496-4856-47D8-8F7E-9DB352C812B8}.Release|Any CPU.ActiveCfg = Release|Any CPU
		{E0618496-4856-47D8-8F7E-9DB352C812B8}.Release|Any CPU.Build.0 = Release|Any CPU
	EndGlobalSection
	GlobalSection(SolutionProperties) = preSolution
		HideSolutionNode = FALSE
	EndGlobalSection
	GlobalSection(ExtensibilityGlobals) = postSolution
		SolutionGuid = {752A693A-5DEE-480B-8C14-95BA8A5A7582}
	EndGlobalSection
EndGlobal
